
Microsoft Visual Studio Solution File, Format Version 12.00
# Visual Studio Version 16
VisualStudioVersion = 16.0.31105.61
MinimumVisualStudioVersion = 10.0.40219.1
Project("{FAE04EC0-301F-11D3-BF4B-00C04F79EFBC}") = "FinalProjectCode", "FinalProjectCode\FinalProjectCode.csproj", "{20411149-2416-4AAF-BD5B-AE46EB9E6E43}"
EndProject
Project("{FAE04EC0-301F-11D3-BF4B-00C04F79EFBC}") = "Helper", "Helper\Helper.csproj", "{E8221576-93CC-4516-90DD-B55C9861953A}"
EndProject
Global
	GlobalSection(SolutionConfigurationPlatforms) = preSolution
		Debug|Any CPU = Debug|Any CPU
		Release|Any CPU = Release|Any CPU
	EndGlobalSection
	GlobalSection(ProjectConfigurationPlatforms) = postSolution
		{20411149-2416-4AAF-BD5B-AE46EB9E6E43}.Debug|Any CPU.ActiveCfg = Debug|Any CPU
		{20411149-2416-4AAF-BD5B-AE46EB9E6E43}.Debug|Any CPU.Build.0 = Debug|Any CPU
		{20411149-2416-4AAF-BD5B-AE46EB9E6E43}.Release|Any CPU.ActiveCfg = Release|Any CPU
		{20411149-2416-4AAF-BD5B-AE46EB9E6E43}.Release|Any CPU.Build.0 = Release|Any CPU
		{E8221576-93CC-4516-90DD-B55C9861953A}.Debug|Any CPU.ActiveCfg = Debug|Any CPU
		{E8221576-93CC-4516-90DD-B55C9861953A}.Debug|Any CPU.Build.0 = Debug|Any CPU
		{E8221576-93CC-4516-90DD-B55C9861953A}.Release|Any CPU.ActiveCfg = Release|Any CPU
		{E8221576-93CC-4516-90DD-B55C9861953A}.Release|Any CPU.Build.0 = Release|Any CPU
	EndGlobalSection
	GlobalSection(SolutionProperties) = preSolution
		HideSolutionNode = FALSE
	EndGlobalSection
	GlobalSection(ExtensibilityGlobals) = postSolution
		SolutionGuid = {0F2D91A2-D186-456E-A718-A0DF54E969A9}
	EndGlobalSection
EndGlobal
